
Microsoft Visual Studio Solution File, Format Version 12.00
# Visual Studio Version 16
VisualStudioVersion = 16.0.29102.190
MinimumVisualStudioVersion = 10.0.40219.1
Project("{FAE04EC0-301F-11D3-BF4B-00C04F79EFBC}") = "ScientificCalculator", "ScientificCalculator.csproj", "{FE1EAB26-2019-4BA3-95A2-D1A37D9A9641}"
EndProject
Global
	GlobalSection(SolutionConfigurationPlatforms) = preSolution
		Debug|Any CPU = Debug|Any CPU
		Release|Any CPU = Release|Any CPU
	EndGlobalSection
	GlobalSection(ProjectConfigurationPlatforms) = postSolution
		{FE1EAB26-2019-4BA3-95A2-D1A37D9A9641}.Debug|Any CPU.ActiveCfg = Debug|Any CPU
		{FE1EAB26-2019-4BA3-95A2-D1A37D9A9641}.Debug|Any CPU.Build.0 = Debug|Any CPU
		{FE1EAB26-2019-4BA3-95A2-D1A37D9A9641}.Release|Any CPU.ActiveCfg = Release|Any CPU
		{FE1EAB26-2019-4BA3-95A2-D1A37D9A9641}.Release|Any CPU.Build.0 = Release|Any CPU
	EndGlobalSection
	GlobalSection(SolutionProperties) = preSolution
		HideSolutionNode = FALSE
	EndGlobalSection
	GlobalSection(ExtensibilityGlobals) = postSolution
		SolutionGuid = {29B583F4-22F5-4461-A9AA-68766BB6C5DA}
	EndGlobalSection
EndGlobal
